
Microsoft Visual Studio Solution File, Format Version 12.00
# Visual Studio Version 16
VisualStudioVersion = 16.0.30114.105
MinimumVisualStudioVersion = 10.0.40219.1
Project("{2150E333-8FDC-42A3-9474-1A3956D46DE8}") = "Services", "Services", "{5AA78311-DB2D-4DC9-BBCB-B70FE30E70B3}"
EndProject
Project("{9A19103F-16F7-4668-BE54-9A1E7A4F7556}") = "ESourcing.Products", "Services\Products\ESourcing.Products.csproj", "{3019457B-6A4D-462D-B3FF-D466C1F6231D}"
EndProject
Project("{E53339B2-1760-4266-BCC7-CA923CBCF16C}") = "docker-compose", "docker-compose.dcproj", "{D6BB0C2A-0D02-4E42-A7E2-10094A353577}"
EndProject
Project("{9A19103F-16F7-4668-BE54-9A1E7A4F7556}") = "ESourcing.Sourcing", "Services\Sourcing\ESourcing.Sourcing.csproj", "{DAE2B931-D13E-4C95-BB0A-5CA22B544C33}"
EndProject
Project("{9A19103F-16F7-4668-BE54-9A1E7A4F7556}") = "EventBusRabbitMq", "Services\Common\EventBusRabbitMq.csproj", "{BF7C597E-392F-44E0-9330-32AA180D4DC7}"
EndProject
Project("{2150E333-8FDC-42A3-9474-1A3956D46DE8}") = "Common", "Common", "{229D4E58-53F9-4BA6-99A7-48B6387C27CB}"
EndProject
Project("{2150E333-8FDC-42A3-9474-1A3956D46DE8}") = "Order", "Order", "{F2BAC0B2-061E-4187-9F81-C1B12B000C56}"
EndProject
Project("{FAE04EC0-301F-11D3-BF4B-00C04F79EFBC}") = "ESourcing.Order", "Services\Order\ESourcing.Order\ESourcing.Order.csproj", "{016C3359-1F37-4256-B1C6-1ACFDCFFA79F}"
EndProject
Project("{FAE04EC0-301F-11D3-BF4B-00C04F79EFBC}") = "Ordering.Domain", "Services\Order\Ordering.Domain\Ordering.Domain.csproj", "{9FED7EFC-6965-4DA9-B83E-B41CB7D701F1}"
EndProject
Project("{FAE04EC0-301F-11D3-BF4B-00C04F79EFBC}") = "Ordering.Application", "Services\Order\Ordering.Application\Ordering.Application.csproj", "{5BE5DE00-B64C-483A-91FC-344E9153C9B0}"
EndProject
Project("{FAE04EC0-301F-11D3-BF4B-00C04F79EFBC}") = "Ordering.Infrastructure", "Services\Order\Ordering.Infrastructure\Ordering.Infrastructure.csproj", "{3FA1F532-FF5F-436A-BAFD-EB87035F00F8}"
EndProject
Global
	GlobalSection(SolutionConfigurationPlatforms) = preSolution
		Debug|Any CPU = Debug|Any CPU
		Debug|x64 = Debug|x64
		Debug|x86 = Debug|x86
		Release|Any CPU = Release|Any CPU
		Release|x64 = Release|x64
		Release|x86 = Release|x86
	EndGlobalSection
	GlobalSection(ProjectConfigurationPlatforms) = postSolution
		{3019457B-6A4D-462D-B3FF-D466C1F6231D}.Debug|Any CPU.ActiveCfg = Debug|Any CPU
		{3019457B-6A4D-462D-B3FF-D466C1F6231D}.Debug|Any CPU.Build.0 = Debug|Any CPU
		{3019457B-6A4D-462D-B3FF-D466C1F6231D}.Debug|x64.ActiveCfg = Debug|Any CPU
		{3019457B-6A4D-462D-B3FF-D466C1F6231D}.Debug|x64.Build.0 = Debug|Any CPU
		{3019457B-6A4D-462D-B3FF-D466C1F6231D}.Debug|x86.ActiveCfg = Debug|Any CPU
		{3019457B-6A4D-462D-B3FF-D466C1F6231D}.Debug|x86.Build.0 = Debug|Any CPU
		{3019457B-6A4D-462D-B3FF-D466C1F6231D}.Release|Any CPU.ActiveCfg = Release|Any CPU
		{3019457B-6A4D-462D-B3FF-D466C1F6231D}.Release|Any CPU.Build.0 = Release|Any CPU
		{3019457B-6A4D-462D-B3FF-D466C1F6231D}.Release|x64.ActiveCfg = Release|Any CPU
		{3019457B-6A4D-462D-B3FF-D466C1F6231D}.Release|x64.Build.0 = Release|Any CPU
		{3019457B-6A4D-462D-B3FF-D466C1F6231D}.Release|x86.ActiveCfg = Release|Any CPU
		{3019457B-6A4D-462D-B3FF-D466C1F6231D}.Release|x86.Build.0 = Release|Any CPU
		{D6BB0C2A-0D02-4E42-A7E2-10094A353577}.Debug|Any CPU.ActiveCfg = Debug|Any CPU
		{D6BB0C2A-0D02-4E42-A7E2-10094A353577}.Debug|Any CPU.Build.0 = Debug|Any CPU
		{D6BB0C2A-0D02-4E42-A7E2-10094A353577}.Debug|x64.ActiveCfg = Debug|Any CPU
		{D6BB0C2A-0D02-4E42-A7E2-10094A353577}.Debug|x64.Build.0 = Debug|Any CPU
		{D6BB0C2A-0D02-4E42-A7E2-10094A353577}.Debug|x86.ActiveCfg = Debug|Any CPU
		{D6BB0C2A-0D02-4E42-A7E2-10094A353577}.Debug|x86.Build.0 = Debug|Any CPU
		{D6BB0C2A-0D02-4E42-A7E2-10094A353577}.Release|Any CPU.ActiveCfg = Release|Any CPU
		{D6BB0C2A-0D02-4E42-A7E2-10094A353577}.Release|Any CPU.Build.0 = Release|Any CPU
		{D6BB0C2A-0D02-4E42-A7E2-10094A353577}.Release|x64.ActiveCfg = Release|Any CPU
		{D6BB0C2A-0D02-4E42-A7E2-10094A353577}.Release|x64.Build.0 = Release|Any CPU
		{D6BB0C2A-0D02-4E42-A7E2-10094A353577}.Release|x86.ActiveCfg = Release|Any CPU
		{D6BB0C2A-0D02-4E42-A7E2-10094A353577}.Release|x86.Build.0 = Release|Any CPU
		{DAE2B931-D13E-4C95-BB0A-5CA22B544C33}.Debug|Any CPU.ActiveCfg = Debug|Any CPU
		{DAE2B931-D13E-4C95-BB0A-5CA22B544C33}.Debug|Any CPU.Build.0 = Debug|Any CPU
		{DAE2B931-D13E-4C95-BB0A-5CA22B544C33}.Debug|x64.ActiveCfg = Debug|Any CPU
		{DAE2B931-D13E-4C95-BB0A-5CA22B544C33}.Debug|x64.Build.0 = Debug|Any CPU
		{DAE2B931-D13E-4C95-BB0A-5CA22B544C33}.Debug|x86.ActiveCfg = Debug|Any CPU
		{DAE2B931-D13E-4C95-BB0A-5CA22B544C33}.Debug|x86.Build.0 = Debug|Any CPU
		{DAE2B931-D13E-4C95-BB0A-5CA22B544C33}.Release|Any CPU.ActiveCfg = Release|Any CPU
		{DAE2B931-D13E-4C95-BB0A-5CA22B544C33}.Release|Any CPU.Build.0 = Release|Any CPU
		{DAE2B931-D13E-4C95-BB0A-5CA22B544C33}.Release|x64.ActiveCfg = Release|Any CPU
		{DAE2B931-D13E-4C95-BB0A-5CA22B544C33}.Release|x64.Build.0 = Release|Any CPU
		{DAE2B931-D13E-4C95-BB0A-5CA22B544C33}.Release|x86.ActiveCfg = Release|Any CPU
		{DAE2B931-D13E-4C95-BB0A-5CA22B544C33}.Release|x86.Build.0 = Release|Any CPU
		{BF7C597E-392F-44E0-9330-32AA180D4DC7}.Debug|Any CPU.ActiveCfg = Debug|Any CPU
		{BF7C597E-392F-44E0-9330-32AA180D4DC7}.Debug|Any CPU.Build.0 = Debug|Any CPU
		{BF7C597E-392F-44E0-9330-32AA180D4DC7}.Debug|x64.ActiveCfg = Debug|Any CPU
		{BF7C597E-392F-44E0-9330-32AA180D4DC7}.Debug|x64.Build.0 = Debug|Any CPU
		{BF7C597E-392F-44E0-9330-32AA180D4DC7}.Debug|x86.ActiveCfg = Debug|Any CPU
		{BF7C597E-392F-44E0-9330-32AA180D4DC7}.Debug|x86.Build.0 = Debug|Any CPU
		{BF7C597E-392F-44E0-9330-32AA180D4DC7}.Release|Any CPU.ActiveCfg = Release|Any CPU
		{BF7C597E-392F-44E0-9330-32AA180D4DC7}.Release|Any CPU.Build.0 = Release|Any CPU
		{BF7C597E-392F-44E0-9330-32AA180D4DC7}.Release|x64.ActiveCfg = Release|Any CPU
		{BF7C597E-392F-44E0-9330-32AA180D4DC7}.Release|x64.Build.0 = Release|Any CPU
		{BF7C597E-392F-44E0-9330-32AA180D4DC7}.Release|x86.ActiveCfg = Release|Any CPU
		{BF7C597E-392F-44E0-9330-32AA180D4DC7}.Release|x86.Build.0 = Release|Any CPU
		{016C3359-1F37-4256-B1C6-1ACFDCFFA79F}.Debug|Any CPU.ActiveCfg = Debug|Any CPU
		{016C3359-1F37-4256-B1C6-1ACFDCFFA79F}.Debug|Any CPU.Build.0 = Debug|Any CPU
		{016C3359-1F37-4256-B1C6-1ACFDCFFA79F}.Debug|x64.ActiveCfg = Debug|Any CPU
		{016C3359-1F37-4256-B1C6-1ACFDCFFA79F}.Debug|x64.Build.0 = Debug|Any CPU
		{016C3359-1F37-4256-B1C6-1ACFDCFFA79F}.Debug|x86.ActiveCfg = Debug|Any CPU
		{016C3359-1F37-4256-B1C6-1ACFDCFFA79F}.Debug|x86.Build.0 = Debug|Any CPU
		{016C3359-1F37-4256-B1C6-1ACFDCFFA79F}.Release|Any CPU.ActiveCfg = Release|Any CPU
		{016C3359-1F37-4256-B1C6-1ACFDCFFA79F}.Release|Any CPU.Build.0 = Release|Any CPU
		{016C3359-1F37-4256-B1C6-1ACFDCFFA79F}.Release|x64.ActiveCfg = Release|Any CPU
		{016C3359-1F37-4256-B1C6-1ACFDCFFA79F}.Release|x64.Build.0 = Release|Any CPU
		{016C3359-1F37-4256-B1C6-1ACFDCFFA79F}.Release|x86.ActiveCfg = Release|Any CPU
		{016C3359-1F37-4256-B1C6-1ACFDCFFA79F}.Release|x86.Build.0 = Release|Any CPU
		{9FED7EFC-6965-4DA9-B83E-B41CB7D701F1}.Debug|Any CPU.ActiveCfg = Debug|Any CPU
		{9FED7EFC-6965-4DA9-B83E-B41CB7D701F1}.Debug|Any CPU.Build.0 = Debug|Any CPU
		{9FED7EFC-6965-4DA9-B83E-B41CB7D701F1}.Debug|x64.ActiveCfg = Debug|Any CPU
		{9FED7EFC-6965-4DA9-B83E-B41CB7D701F1}.Debug|x64.Build.0 = Debug|Any CPU
		{9FED7EFC-6965-4DA9-B83E-B41CB7D701F1}.Debug|x86.ActiveCfg = Debug|Any CPU
		{9FED7EFC-6965-4DA9-B83E-B41CB7D701F1}.Debug|x86.Build.0 = Debug|Any CPU
		{9FED7EFC-6965-4DA9-B83E-B41CB7D701F1}.Release|Any CPU.ActiveCfg = Release|Any CPU
		{9FED7EFC-6965-4DA9-B83E-B41CB7D701F1}.Release|Any CPU.Build.0 = Release|Any CPU
		{9FED7EFC-6965-4DA9-B83E-B41CB7D701F1}.Release|x64.ActiveCfg = Release|Any CPU
		{9FED7EFC-6965-4DA9-B83E-B41CB7D701F1}.Release|x64.Build.0 = Release|Any CPU
		{9FED7EFC-6965-4DA9-B83E-B41CB7D701F1}.Release|x86.ActiveCfg = Release|Any CPU
		{9FED7EFC-6965-4DA9-B83E-B41CB7D701F1}.Release|x86.Build.0 = Release|Any CPU
		{5BE5DE00-B64C-483A-91FC-344E9153C9B0}.Debug|Any CPU.ActiveCfg = Debug|Any CPU
		{5BE5DE00-B64C-483A-91FC-344E9153C9B0}.Debug|Any CPU.Build.0 = Debug|Any CPU
		{5BE5DE00-B64C-483A-91FC-344E9153C9B0}.Debug|x64.ActiveCfg = Debug|Any CPU
		{5BE5DE00-B64C-483A-91FC-344E9153C9B0}.Debug|x64.Build.0 = Debug|Any CPU
		{5BE5DE00-B64C-483A-91FC-344E9153C9B0}.Debug|x86.ActiveCfg = Debug|Any CPU
		{5BE5DE00-B64C-483A-91FC-344E9153C9B0}.Debug|x86.Build.0 = Debug|Any CPU
		{5BE5DE00-B64C-483A-91FC-344E9153C9B0}.Release|Any CPU.ActiveCfg = Release|Any CPU
		{5BE5DE00-B64C-483A-91FC-344E9153C9B0}.Release|Any CPU.Build.0 = Release|Any CPU
		{5BE5DE00-B64C-483A-91FC-344E9153C9B0}.Release|x64.ActiveCfg = Release|Any CPU
		{5BE5DE00-B64C-483A-91FC-344E9153C9B0}.Release|x64.Build.0 = Release|Any CPU
		{5BE5DE00-B64C-483A-91FC-344E9153C9B0}.Release|x86.ActiveCfg = Release|Any CPU
		{5BE5DE00-B64C-483A-91FC-344E9153C9B0}.Release|x86.Build.0 = Release|Any CPU
		{3FA1F532-FF5F-436A-BAFD-EB87035F00F8}.Debug|Any CPU.ActiveCfg = Debug|Any CPU
		{3FA1F532-FF5F-436A-BAFD-EB87035F00F8}.Debug|Any CPU.Build.0 = Debug|Any CPU
		{3FA1F532-FF5F-436A-BAFD-EB87035F00F8}.Debug|x64.ActiveCfg = Debug|Any CPU
		{3FA1F532-FF5F-436A-BAFD-EB87035F00F8}.Debug|x64.Build.0 = Debug|Any CPU
		{3FA1F532-FF5F-436A-BAFD-EB87035F00F8}.Debug|x86.ActiveCfg = Debug|Any CPU
		{3FA1F532-FF5F-436A-BAFD-EB87035F00F8}.Debug|x86.Build.0 = Debug|Any CPU
		{3FA1F532-FF5F-436A-BAFD-EB87035F00F8}.Release|Any CPU.ActiveCfg = Release|Any CPU
		{3FA1F532-FF5F-436A-BAFD-EB87035F00F8}.Release|Any CPU.Build.0 = Release|Any CPU
		{3FA1F532-FF5F-436A-BAFD-EB87035F00F8}.Release|x64.ActiveCfg = Release|Any CPU
		{3FA1F532-FF5F-436A-BAFD-EB87035F00F8}.Release|x64.Build.0 = Release|Any CPU
		{3FA1F532-FF5F-436A-BAFD-EB87035F00F8}.Release|x86.ActiveCfg = Release|Any CPU
		{3FA1F532-FF5F-436A-BAFD-EB87035F00F8}.Release|x86.Build.0 = Release|Any CPU
	EndGlobalSection
	GlobalSection(SolutionProperties) = preSolution
		HideSolutionNode = FALSE
	EndGlobalSection
	GlobalSection(NestedProjects) = preSolution
		{3019457B-6A4D-462D-B3FF-D466C1F6231D} = {5AA78311-DB2D-4DC9-BBCB-B70FE30E70B3}
		{DAE2B931-D13E-4C95-BB0A-5CA22B544C33} = {5AA78311-DB2D-4DC9-BBCB-B70FE30E70B3}
		{BF7C597E-392F-44E0-9330-32AA180D4DC7} = {229D4E58-53F9-4BA6-99A7-48B6387C27CB}
		{229D4E58-53F9-4BA6-99A7-48B6387C27CB} = {5AA78311-DB2D-4DC9-BBCB-B70FE30E70B3}
		{F2BAC0B2-061E-4187-9F81-C1B12B000C56} = {5AA78311-DB2D-4DC9-BBCB-B70FE30E70B3}
		{016C3359-1F37-4256-B1C6-1ACFDCFFA79F} = {F2BAC0B2-061E-4187-9F81-C1B12B000C56}
		{9FED7EFC-6965-4DA9-B83E-B41CB7D701F1} = {F2BAC0B2-061E-4187-9F81-C1B12B000C56}
		{5BE5DE00-B64C-483A-91FC-344E9153C9B0} = {F2BAC0B2-061E-4187-9F81-C1B12B000C56}
		{3FA1F532-FF5F-436A-BAFD-EB87035F00F8} = {F2BAC0B2-061E-4187-9F81-C1B12B000C56}
	EndGlobalSection
	GlobalSection(ExtensibilityGlobals) = postSolution
		SolutionGuid = {98DCECD5-FFC8-4BFB-ADED-D9BE3B5A51BD}
	EndGlobalSection
EndGlobal
